
Microsoft Visual Studio Solution File, Format Version 12.00
# Visual Studio Version 17
VisualStudioVersion = 17.0.32126.317
MinimumVisualStudioVersion = 10.0.40219.1
Project("{9A19103F-16F7-4668-BE54-9A1E7A4F7556}") = "SyncExecution", "MultithreadingAsynchronousParallelism\SyncExecution.csproj", "{2A3B49B4-60B8-4646-BFF3-48076EBBBFCB}"
EndProject
Project("{FAE04EC0-301F-11D3-BF4B-00C04F79EFBC}") = "FilesInputOutput", "FilesInputOutput\FilesInputOutput.csproj", "{94BE1C34-ECAA-4ED5-9363-29C4359E2A47}"
EndProject
Global
	GlobalSection(SolutionConfigurationPlatforms) = preSolution
		Debug|Any CPU = Debug|Any CPU
		Release|Any CPU = Release|Any CPU
	EndGlobalSection
	GlobalSection(ProjectConfigurationPlatforms) = postSolution
		{2A3B49B4-60B8-4646-BFF3-48076EBBBFCB}.Debug|Any CPU.ActiveCfg = Debug|Any CPU
		{2A3B49B4-60B8-4646-BFF3-48076EBBBFCB}.Debug|Any CPU.Build.0 = Debug|Any CPU
		{2A3B49B4-60B8-4646-BFF3-48076EBBBFCB}.Release|Any CPU.ActiveCfg = Release|Any CPU
		{2A3B49B4-60B8-4646-BFF3-48076EBBBFCB}.Release|Any CPU.Build.0 = Release|Any CPU
		{94BE1C34-ECAA-4ED5-9363-29C4359E2A47}.Debug|Any CPU.ActiveCfg = Debug|Any CPU
		{94BE1C34-ECAA-4ED5-9363-29C4359E2A47}.Debug|Any CPU.Build.0 = Debug|Any CPU
		{94BE1C34-ECAA-4ED5-9363-29C4359E2A47}.Release|Any CPU.ActiveCfg = Release|Any CPU
		{94BE1C34-ECAA-4ED5-9363-29C4359E2A47}.Release|Any CPU.Build.0 = Release|Any CPU
	EndGlobalSection
	GlobalSection(SolutionProperties) = preSolution
		HideSolutionNode = FALSE
	EndGlobalSection
	GlobalSection(ExtensibilityGlobals) = postSolution
		SolutionGuid = {0CF74E46-230E-4B33-A2F8-9310AC7EB176}
	EndGlobalSection
EndGlobal
